
Microsoft Visual Studio Solution File, Format Version 12.00
# Visual Studio Version 17
VisualStudioVersion = 17.0.31903.59
MinimumVisualStudioVersion = 10.0.40219.1
Project("{2150E333-8FDC-42A3-9474-1A3956D46DE8}") = "src", "src", "{0303BE2D-FEC5-4A25-91DB-C7A71C6B618F}"
EndProject
Project("{2150E333-8FDC-42A3-9474-1A3956D46DE8}") = "Core", "Core", "{27F5D710-3C42-40F4-A907-FD312A0853F3}"
EndProject
Project("{FAE04EC0-301F-11D3-BF4B-00C04F79EFBC}") = "Domain", "src\Core\Domain\Domain.csproj", "{62388A71-1567-47D4-8005-3347CEE5A3FC}"
EndProject
Project("{FAE04EC0-301F-11D3-BF4B-00C04F79EFBC}") = "Application", "src\Core\Application\Application.csproj", "{9C340FE8-E6F4-4E30-929C-13A08BF488CE}"
EndProject
Project("{2150E333-8FDC-42A3-9474-1A3956D46DE8}") = "test", "test", "{C8820F0A-5189-4C20-B6B0-3262743A33B4}"
EndProject
Project("{FAE04EC0-301F-11D3-BF4B-00C04F79EFBC}") = "UnitTests", "test\UnitTests\UnitTests.csproj", "{BA47A880-7D90-410E-A6AC-EEAEB3D9499D}"
EndProject
Project("{2150E333-8FDC-42A3-9474-1A3956D46DE8}") = "Adapters", "Adapters", "{CA4E6784-C50B-418D-B06B-BD3ACA990957}"
EndProject
Project("{2150E333-8FDC-42A3-9474-1A3956D46DE8}") = "Outbounds", "Outbounds", "{C1D80D69-5886-4E07-8EA6-19B0367372A7}"
EndProject
Project("{FAE04EC0-301F-11D3-BF4B-00C04F79EFBC}") = "MySqlDbAdapter", "src\Adapters\Outbounds\MySqlDbAdapter\MySqlDbAdapter.csproj", "{DD6163FD-077B-47E3-A53F-5E944B04C792}"
EndProject
Project("{2150E333-8FDC-42A3-9474-1A3956D46DE8}") = "IntegrationTests", "IntegrationTests", "{5BCACB89-2345-4F63-92B9-331263644209}"
EndProject
Project("{FAE04EC0-301F-11D3-BF4B-00C04F79EFBC}") = "MySqlDbAdapterTests", "test\IntegrationTests\MySqlDbAdapterTests\MySqlDbAdapterTests.csproj", "{B44749F5-AC88-434B-9F51-3BE84C2A3240}"
EndProject
Project("{2150E333-8FDC-42A3-9474-1A3956D46DE8}") = "Infrastructure", "Infrastructure", "{D213D938-4FA4-490E-9D74-2EED0D42A063}"
EndProject
Project("{2150E333-8FDC-42A3-9474-1A3956D46DE8}") = "Database", "Database", "{213EB09C-E23B-4821-AB96-E985545F8D07}"
EndProject
Project("{FAE04EC0-301F-11D3-BF4B-00C04F79EFBC}") = "MySqlDb", "src\Infrastructure\Database\MySqlDb\MySqlDb.csproj", "{40BF40DA-A83A-4395-B261-3468528CF7CB}"
EndProject
Project("{2150E333-8FDC-42A3-9474-1A3956D46DE8}") = "Inbounds", "Inbounds", "{B9E4E6E4-E0A5-4AF4-B1A2-8F82DAAFF7CD}"
EndProject
Project("{FAE04EC0-301F-11D3-BF4B-00C04F79EFBC}") = "TaskFlowHubHttpApi", "src\Adapters\Inbounds\TaskFlowHubHttpApi\TaskFlowHubHttpApi.csproj", "{82B894A4-E38C-475A-84D7-1225496FB648}"
EndProject
Project("{FAE04EC0-301F-11D3-BF4B-00C04F79EFBC}") = "Security", "src\Infrastructure\Security\Security.csproj", "{9304C472-B432-4E64-B004-73CCF95B39BA}"
EndProject
Global
	GlobalSection(SolutionConfigurationPlatforms) = preSolution
		Debug|Any CPU = Debug|Any CPU
		Release|Any CPU = Release|Any CPU
	EndGlobalSection
	GlobalSection(SolutionProperties) = preSolution
		HideSolutionNode = FALSE
	EndGlobalSection
	GlobalSection(ProjectConfigurationPlatforms) = postSolution
		{62388A71-1567-47D4-8005-3347CEE5A3FC}.Debug|Any CPU.ActiveCfg = Debug|Any CPU
		{62388A71-1567-47D4-8005-3347CEE5A3FC}.Debug|Any CPU.Build.0 = Debug|Any CPU
		{62388A71-1567-47D4-8005-3347CEE5A3FC}.Release|Any CPU.ActiveCfg = Release|Any CPU
		{62388A71-1567-47D4-8005-3347CEE5A3FC}.Release|Any CPU.Build.0 = Release|Any CPU
		{9C340FE8-E6F4-4E30-929C-13A08BF488CE}.Debug|Any CPU.ActiveCfg = Debug|Any CPU
		{9C340FE8-E6F4-4E30-929C-13A08BF488CE}.Debug|Any CPU.Build.0 = Debug|Any CPU
		{9C340FE8-E6F4-4E30-929C-13A08BF488CE}.Release|Any CPU.ActiveCfg = Release|Any CPU
		{9C340FE8-E6F4-4E30-929C-13A08BF488CE}.Release|Any CPU.Build.0 = Release|Any CPU
		{BA47A880-7D90-410E-A6AC-EEAEB3D9499D}.Debug|Any CPU.ActiveCfg = Debug|Any CPU
		{BA47A880-7D90-410E-A6AC-EEAEB3D9499D}.Debug|Any CPU.Build.0 = Debug|Any CPU
		{BA47A880-7D90-410E-A6AC-EEAEB3D9499D}.Release|Any CPU.ActiveCfg = Release|Any CPU
		{BA47A880-7D90-410E-A6AC-EEAEB3D9499D}.Release|Any CPU.Build.0 = Release|Any CPU
		{DD6163FD-077B-47E3-A53F-5E944B04C792}.Debug|Any CPU.ActiveCfg = Debug|Any CPU
		{DD6163FD-077B-47E3-A53F-5E944B04C792}.Debug|Any CPU.Build.0 = Debug|Any CPU
		{DD6163FD-077B-47E3-A53F-5E944B04C792}.Release|Any CPU.ActiveCfg = Release|Any CPU
		{DD6163FD-077B-47E3-A53F-5E944B04C792}.Release|Any CPU.Build.0 = Release|Any CPU
		{B44749F5-AC88-434B-9F51-3BE84C2A3240}.Debug|Any CPU.ActiveCfg = Debug|Any CPU
		{B44749F5-AC88-434B-9F51-3BE84C2A3240}.Debug|Any CPU.Build.0 = Debug|Any CPU
		{B44749F5-AC88-434B-9F51-3BE84C2A3240}.Release|Any CPU.ActiveCfg = Release|Any CPU
		{B44749F5-AC88-434B-9F51-3BE84C2A3240}.Release|Any CPU.Build.0 = Release|Any CPU
		{40BF40DA-A83A-4395-B261-3468528CF7CB}.Debug|Any CPU.ActiveCfg = Debug|Any CPU
		{40BF40DA-A83A-4395-B261-3468528CF7CB}.Debug|Any CPU.Build.0 = Debug|Any CPU
		{40BF40DA-A83A-4395-B261-3468528CF7CB}.Release|Any CPU.ActiveCfg = Release|Any CPU
		{40BF40DA-A83A-4395-B261-3468528CF7CB}.Release|Any CPU.Build.0 = Release|Any CPU
		{82B894A4-E38C-475A-84D7-1225496FB648}.Debug|Any CPU.ActiveCfg = Debug|Any CPU
		{82B894A4-E38C-475A-84D7-1225496FB648}.Debug|Any CPU.Build.0 = Debug|Any CPU
		{82B894A4-E38C-475A-84D7-1225496FB648}.Release|Any CPU.ActiveCfg = Release|Any CPU
		{82B894A4-E38C-475A-84D7-1225496FB648}.Release|Any CPU.Build.0 = Release|Any CPU
		{9304C472-B432-4E64-B004-73CCF95B39BA}.Debug|Any CPU.ActiveCfg = Debug|Any CPU
		{9304C472-B432-4E64-B004-73CCF95B39BA}.Debug|Any CPU.Build.0 = Debug|Any CPU
		{9304C472-B432-4E64-B004-73CCF95B39BA}.Release|Any CPU.ActiveCfg = Release|Any CPU
		{9304C472-B432-4E64-B004-73CCF95B39BA}.Release|Any CPU.Build.0 = Release|Any CPU
	EndGlobalSection
	GlobalSection(NestedProjects) = preSolution
		{27F5D710-3C42-40F4-A907-FD312A0853F3} = {0303BE2D-FEC5-4A25-91DB-C7A71C6B618F}
		{62388A71-1567-47D4-8005-3347CEE5A3FC} = {27F5D710-3C42-40F4-A907-FD312A0853F3}
		{9C340FE8-E6F4-4E30-929C-13A08BF488CE} = {27F5D710-3C42-40F4-A907-FD312A0853F3}
		{BA47A880-7D90-410E-A6AC-EEAEB3D9499D} = {C8820F0A-5189-4C20-B6B0-3262743A33B4}
		{CA4E6784-C50B-418D-B06B-BD3ACA990957} = {0303BE2D-FEC5-4A25-91DB-C7A71C6B618F}
		{C1D80D69-5886-4E07-8EA6-19B0367372A7} = {CA4E6784-C50B-418D-B06B-BD3ACA990957}
		{DD6163FD-077B-47E3-A53F-5E944B04C792} = {C1D80D69-5886-4E07-8EA6-19B0367372A7}
		{5BCACB89-2345-4F63-92B9-331263644209} = {C8820F0A-5189-4C20-B6B0-3262743A33B4}
		{B44749F5-AC88-434B-9F51-3BE84C2A3240} = {5BCACB89-2345-4F63-92B9-331263644209}
		{D213D938-4FA4-490E-9D74-2EED0D42A063} = {0303BE2D-FEC5-4A25-91DB-C7A71C6B618F}
		{213EB09C-E23B-4821-AB96-E985545F8D07} = {D213D938-4FA4-490E-9D74-2EED0D42A063}
		{40BF40DA-A83A-4395-B261-3468528CF7CB} = {213EB09C-E23B-4821-AB96-E985545F8D07}
		{B9E4E6E4-E0A5-4AF4-B1A2-8F82DAAFF7CD} = {CA4E6784-C50B-418D-B06B-BD3ACA990957}
		{82B894A4-E38C-475A-84D7-1225496FB648} = {B9E4E6E4-E0A5-4AF4-B1A2-8F82DAAFF7CD}
		{9304C472-B432-4E64-B004-73CCF95B39BA} = {D213D938-4FA4-490E-9D74-2EED0D42A063}
	EndGlobalSection
EndGlobal
